
Microsoft Visual Studio Solution File, Format Version 12.00
# Visual Studio 15
VisualStudioVersion = 15.0.27703.2047
MinimumVisualStudioVersion = 10.0.40219.1
Project("{FAE04EC0-301F-11D3-BF4B-00C04F79EFBC}") = "MyFinance.Android", "MyFinance\MyFinance.Android\MyFinance.Android.csproj", "{5AE07332-3130-409F-A220-8C44E328C723}"
EndProject
Project("{FAE04EC0-301F-11D3-BF4B-00C04F79EFBC}") = "MyFinance.iOS", "MyFinance\MyFinance.iOS\MyFinance.iOS.csproj", "{A3316554-0B94-458F-A6D9-02F4A24A7972}"
EndProject
Project("{9A19103F-16F7-4668-BE54-9A1E7A4F7556}") = "MyFinance", "MyFinance\MyFinance\MyFinance.csproj", "{DD3AA812-75C9-4B23-8A54-B06747DCE8F5}"
EndProject
Project("{FAE04EC0-301F-11D3-BF4B-00C04F79EFBC}") = "MobileData", "MyFinance\MobileData\MobileData.csproj", "{9AA9EBFC-69A6-4F98-B1F6-61107CA3CDF0}"
EndProject
Global
	GlobalSection(SolutionConfigurationPlatforms) = preSolution
		Ad-Hoc|Any CPU = Ad-Hoc|Any CPU
		Ad-Hoc|iPhone = Ad-Hoc|iPhone
		Ad-Hoc|iPhoneSimulator = Ad-Hoc|iPhoneSimulator
		AppStore|Any CPU = AppStore|Any CPU
		AppStore|iPhone = AppStore|iPhone
		AppStore|iPhoneSimulator = AppStore|iPhoneSimulator
		Debug|Any CPU = Debug|Any CPU
		Debug|iPhone = Debug|iPhone
		Debug|iPhoneSimulator = Debug|iPhoneSimulator
		Release|Any CPU = Release|Any CPU
		Release|iPhone = Release|iPhone
		Release|iPhoneSimulator = Release|iPhoneSimulator
	EndGlobalSection
	GlobalSection(ProjectConfigurationPlatforms) = postSolution
		{5AE07332-3130-409F-A220-8C44E328C723}.Ad-Hoc|Any CPU.ActiveCfg = Release|Any CPU
		{5AE07332-3130-409F-A220-8C44E328C723}.Ad-Hoc|Any CPU.Build.0 = Release|Any CPU
		{5AE07332-3130-409F-A220-8C44E328C723}.Ad-Hoc|Any CPU.Deploy.0 = Release|Any CPU
		{5AE07332-3130-409F-A220-8C44E328C723}.Ad-Hoc|iPhone.ActiveCfg = Release|Any CPU
		{5AE07332-3130-409F-A220-8C44E328C723}.Ad-Hoc|iPhone.Build.0 = Release|Any CPU
		{5AE07332-3130-409F-A220-8C44E328C723}.Ad-Hoc|iPhone.Deploy.0 = Release|Any CPU
		{5AE07332-3130-409F-A220-8C44E328C723}.Ad-Hoc|iPhoneSimulator.ActiveCfg = Release|Any CPU
		{5AE07332-3130-409F-A220-8C44E328C723}.Ad-Hoc|iPhoneSimulator.Build.0 = Release|Any CPU
		{5AE07332-3130-409F-A220-8C44E328C723}.Ad-Hoc|iPhoneSimulator.Deploy.0 = Release|Any CPU
		{5AE07332-3130-409F-A220-8C44E328C723}.AppStore|Any CPU.ActiveCfg = Release|Any CPU
		{5AE07332-3130-409F-A220-8C44E328C723}.AppStore|Any CPU.Build.0 = Release|Any CPU
		{5AE07332-3130-409F-A220-8C44E328C723}.AppStore|Any CPU.Deploy.0 = Release|Any CPU
		{5AE07332-3130-409F-A220-8C44E328C723}.AppStore|iPhone.ActiveCfg = Release|Any CPU
		{5AE07332-3130-409F-A220-8C44E328C723}.AppStore|iPhone.Build.0 = Release|Any CPU
		{5AE07332-3130-409F-A220-8C44E328C723}.AppStore|iPhone.Deploy.0 = Release|Any CPU
		{5AE07332-3130-409F-A220-8C44E328C723}.AppStore|iPhoneSimulator.ActiveCfg = Release|Any CPU
		{5AE07332-3130-409F-A220-8C44E328C723}.AppStore|iPhoneSimulator.Build.0 = Release|Any CPU
		{5AE07332-3130-409F-A220-8C44E328C723}.AppStore|iPhoneSimulator.Deploy.0 = Release|Any CPU
		{5AE07332-3130-409F-A220-8C44E328C723}.Debug|Any CPU.ActiveCfg = Debug|Any CPU
		{5AE07332-3130-409F-A220-8C44E328C723}.Debug|Any CPU.Build.0 = Debug|Any CPU
		{5AE07332-3130-409F-A220-8C44E328C723}.Debug|Any CPU.Deploy.0 = Debug|Any CPU
		{5AE07332-3130-409F-A220-8C44E328C723}.Debug|iPhone.ActiveCfg = Debug|Any CPU
		{5AE07332-3130-409F-A220-8C44E328C723}.Debug|iPhone.Build.0 = Debug|Any CPU
		{5AE07332-3130-409F-A220-8C44E328C723}.Debug|iPhone.Deploy.0 = Debug|Any CPU
		{5AE07332-3130-409F-A220-8C44E328C723}.Debug|iPhoneSimulator.ActiveCfg = Debug|Any CPU
		{5AE07332-3130-409F-A220-8C44E328C723}.Debug|iPhoneSimulator.Build.0 = Debug|Any CPU
		{5AE07332-3130-409F-A220-8C44E328C723}.Debug|iPhoneSimulator.Deploy.0 = Debug|Any CPU
		{5AE07332-3130-409F-A220-8C44E328C723}.Release|Any CPU.ActiveCfg = Release|Any CPU
		{5AE07332-3130-409F-A220-8C44E328C723}.Release|Any CPU.Build.0 = Release|Any CPU
		{5AE07332-3130-409F-A220-8C44E328C723}.Release|Any CPU.Deploy.0 = Release|Any CPU
		{5AE07332-3130-409F-A220-8C44E328C723}.Release|iPhone.ActiveCfg = Release|Any CPU
		{5AE07332-3130-409F-A220-8C44E328C723}.Release|iPhone.Build.0 = Release|Any CPU
		{5AE07332-3130-409F-A220-8C44E328C723}.Release|iPhone.Deploy.0 = Release|Any CPU
		{5AE07332-3130-409F-A220-8C44E328C723}.Release|iPhoneSimulator.ActiveCfg = Release|Any CPU
		{5AE07332-3130-409F-A220-8C44E328C723}.Release|iPhoneSimulator.Build.0 = Release|Any CPU
		{5AE07332-3130-409F-A220-8C44E328C723}.Release|iPhoneSimulator.Deploy.0 = Release|Any CPU
		{A3316554-0B94-458F-A6D9-02F4A24A7972}.Ad-Hoc|Any CPU.ActiveCfg = Ad-Hoc|iPhone
		{A3316554-0B94-458F-A6D9-02F4A24A7972}.Ad-Hoc|Any CPU.Build.0 = Ad-Hoc|iPhone
		{A3316554-0B94-458F-A6D9-02F4A24A7972}.Ad-Hoc|Any CPU.Deploy.0 = Ad-Hoc|iPhone
		{A3316554-0B94-458F-A6D9-02F4A24A7972}.Ad-Hoc|iPhone.ActiveCfg = Ad-Hoc|iPhone
		{A3316554-0B94-458F-A6D9-02F4A24A7972}.Ad-Hoc|iPhone.Build.0 = Ad-Hoc|iPhone
		{A3316554-0B94-458F-A6D9-02F4A24A7972}.Ad-Hoc|iPhone.Deploy.0 = Ad-Hoc|iPhone
		{A3316554-0B94-458F-A6D9-02F4A24A7972}.Ad-Hoc|iPhoneSimulator.ActiveCfg = Ad-Hoc|iPhoneSimulator
		{A3316554-0B94-458F-A6D9-02F4A24A7972}.Ad-Hoc|iPhoneSimulator.Build.0 = Ad-Hoc|iPhoneSimulator
		{A3316554-0B94-458F-A6D9-02F4A24A7972}.Ad-Hoc|iPhoneSimulator.Deploy.0 = Ad-Hoc|iPhoneSimulator
		{A3316554-0B94-458F-A6D9-02F4A24A7972}.AppStore|Any CPU.ActiveCfg = AppStore|iPhone
		{A3316554-0B94-458F-A6D9-02F4A24A7972}.AppStore|Any CPU.Build.0 = AppStore|iPhone
		{A3316554-0B94-458F-A6D9-02F4A24A7972}.AppStore|Any CPU.Deploy.0 = AppStore|iPhone
		{A3316554-0B94-458F-A6D9-02F4A24A7972}.AppStore|iPhone.ActiveCfg = AppStore|iPhone
		{A3316554-0B94-458F-A6D9-02F4A24A7972}.AppStore|iPhone.Build.0 = AppStore|iPhone
		{A3316554-0B94-458F-A6D9-02F4A24A7972}.AppStore|iPhone.Deploy.0 = AppStore|iPhone
		{A3316554-0B94-458F-A6D9-02F4A24A7972}.AppStore|iPhoneSimulator.ActiveCfg = AppStore|iPhoneSimulator
		{A3316554-0B94-458F-A6D9-02F4A24A7972}.AppStore|iPhoneSimulator.Build.0 = AppStore|iPhoneSimulator
		{A3316554-0B94-458F-A6D9-02F4A24A7972}.AppStore|iPhoneSimulator.Deploy.0 = AppStore|iPhoneSimulator
		{A3316554-0B94-458F-A6D9-02F4A24A7972}.Debug|Any CPU.ActiveCfg = Debug|iPhoneSimulator
		{A3316554-0B94-458F-A6D9-02F4A24A7972}.Debug|Any CPU.Build.0 = Debug|iPhoneSimulator
		{A3316554-0B94-458F-A6D9-02F4A24A7972}.Debug|Any CPU.Deploy.0 = Debug|iPhoneSimulator
		{A3316554-0B94-458F-A6D9-02F4A24A7972}.Debug|iPhone.ActiveCfg = Debug|iPhone
		{A3316554-0B94-458F-A6D9-02F4A24A7972}.Debug|iPhone.Build.0 = Debug|iPhone
		{A3316554-0B94-458F-A6D9-02F4A24A7972}.Debug|iPhone.Deploy.0 = Debug|iPhone
		{A3316554-0B94-458F-A6D9-02F4A24A7972}.Debug|iPhoneSimulator.ActiveCfg = Debug|iPhoneSimulator
		{A3316554-0B94-458F-A6D9-02F4A24A7972}.Debug|iPhoneSimulator.Build.0 = Debug|iPhoneSimulator
		{A3316554-0B94-458F-A6D9-02F4A24A7972}.Debug|iPhoneSimulator.Deploy.0 = Debug|iPhoneSimulator
		{A3316554-0B94-458F-A6D9-02F4A24A7972}.Release|Any CPU.ActiveCfg = Release|iPhone
		{A3316554-0B94-458F-A6D9-02F4A24A7972}.Release|Any CPU.Build.0 = Release|iPhone
		{A3316554-0B94-458F-A6D9-02F4A24A7972}.Release|Any CPU.Deploy.0 = Release|iPhone
		{A3316554-0B94-458F-A6D9-02F4A24A7972}.Release|iPhone.ActiveCfg = Release|iPhone
		{A3316554-0B94-458F-A6D9-02F4A24A7972}.Release|iPhone.Build.0 = Release|iPhone
		{A3316554-0B94-458F-A6D9-02F4A24A7972}.Release|iPhone.Deploy.0 = Release|iPhone
		{A3316554-0B94-458F-A6D9-02F4A24A7972}.Release|iPhoneSimulator.ActiveCfg = Release|iPhoneSimulator
		{A3316554-0B94-458F-A6D9-02F4A24A7972}.Release|iPhoneSimulator.Build.0 = Release|iPhoneSimulator
		{A3316554-0B94-458F-A6D9-02F4A24A7972}.Release|iPhoneSimulator.Deploy.0 = Release|iPhoneSimulator
		{DD3AA812-75C9-4B23-8A54-B06747DCE8F5}.Ad-Hoc|Any CPU.ActiveCfg = Debug|Any CPU
		{DD3AA812-75C9-4B23-8A54-B06747DCE8F5}.Ad-Hoc|Any CPU.Build.0 = Debug|Any CPU
		{DD3AA812-75C9-4B23-8A54-B06747DCE8F5}.Ad-Hoc|Any CPU.Deploy.0 = Debug|Any CPU
		{DD3AA812-75C9-4B23-8A54-B06747DCE8F5}.Ad-Hoc|iPhone.ActiveCfg = Debug|Any CPU
		{DD3AA812-75C9-4B23-8A54-B06747DCE8F5}.Ad-Hoc|iPhone.Build.0 = Debug|Any CPU
		{DD3AA812-75C9-4B23-8A54-B06747DCE8F5}.Ad-Hoc|iPhone.Deploy.0 = Debug|Any CPU
		{DD3AA812-75C9-4B23-8A54-B06747DCE8F5}.Ad-Hoc|iPhoneSimulator.ActiveCfg = Debug|Any CPU
		{DD3AA812-75C9-4B23-8A54-B06747DCE8F5}.Ad-Hoc|iPhoneSimulator.Build.0 = Debug|Any CPU
		{DD3AA812-75C9-4B23-8A54-B06747DCE8F5}.Ad-Hoc|iPhoneSimulator.Deploy.0 = Debug|Any CPU
		{DD3AA812-75C9-4B23-8A54-B06747DCE8F5}.AppStore|Any CPU.ActiveCfg = Debug|Any CPU
		{DD3AA812-75C9-4B23-8A54-B06747DCE8F5}.AppStore|Any CPU.Build.0 = Debug|Any CPU
		{DD3AA812-75C9-4B23-8A54-B06747DCE8F5}.AppStore|Any CPU.Deploy.0 = Debug|Any CPU
		{DD3AA812-75C9-4B23-8A54-B06747DCE8F5}.AppStore|iPhone.ActiveCfg = Debug|Any CPU
		{DD3AA812-75C9-4B23-8A54-B06747DCE8F5}.AppStore|iPhone.Build.0 = Debug|Any CPU
		{DD3AA812-75C9-4B23-8A54-B06747DCE8F5}.AppStore|iPhone.Deploy.0 = Debug|Any CPU
		{DD3AA812-75C9-4B23-8A54-B06747DCE8F5}.AppStore|iPhoneSimulator.ActiveCfg = Debug|Any CPU
		{DD3AA812-75C9-4B23-8A54-B06747DCE8F5}.AppStore|iPhoneSimulator.Build.0 = Debug|Any CPU
		{DD3AA812-75C9-4B23-8A54-B06747DCE8F5}.AppStore|iPhoneSimulator.Deploy.0 = Debug|Any CPU
		{DD3AA812-75C9-4B23-8A54-B06747DCE8F5}.Debug|Any CPU.ActiveCfg = Debug|Any CPU
		{DD3AA812-75C9-4B23-8A54-B06747DCE8F5}.Debug|Any CPU.Build.0 = Debug|Any CPU
		{DD3AA812-75C9-4B23-8A54-B06747DCE8F5}.Debug|Any CPU.Deploy.0 = Debug|Any CPU
		{DD3AA812-75C9-4B23-8A54-B06747DCE8F5}.Debug|iPhone.ActiveCfg = Debug|Any CPU
		{DD3AA812-75C9-4B23-8A54-B06747DCE8F5}.Debug|iPhone.Build.0 = Debug|Any CPU
		{DD3AA812-75C9-4B23-8A54-B06747DCE8F5}.Debug|iPhone.Deploy.0 = Debug|Any CPU
		{DD3AA812-75C9-4B23-8A54-B06747DCE8F5}.Debug|iPhoneSimulator.ActiveCfg = Debug|Any CPU
		{DD3AA812-75C9-4B23-8A54-B06747DCE8F5}.Debug|iPhoneSimulator.Build.0 = Debug|Any CPU
		{DD3AA812-75C9-4B23-8A54-B06747DCE8F5}.Debug|iPhoneSimulator.Deploy.0 = Debug|Any CPU
		{DD3AA812-75C9-4B23-8A54-B06747DCE8F5}.Release|Any CPU.ActiveCfg = Release|Any CPU
		{DD3AA812-75C9-4B23-8A54-B06747DCE8F5}.Release|Any CPU.Build.0 = Release|Any CPU
		{DD3AA812-75C9-4B23-8A54-B06747DCE8F5}.Release|Any CPU.Deploy.0 = Release|Any CPU
		{DD3AA812-75C9-4B23-8A54-B06747DCE8F5}.Release|iPhone.ActiveCfg = Release|Any CPU
		{DD3AA812-75C9-4B23-8A54-B06747DCE8F5}.Release|iPhone.Build.0 = Release|Any CPU
		{DD3AA812-75C9-4B23-8A54-B06747DCE8F5}.Release|iPhone.Deploy.0 = Release|Any CPU
		{DD3AA812-75C9-4B23-8A54-B06747DCE8F5}.Release|iPhoneSimulator.ActiveCfg = Release|Any CPU
		{DD3AA812-75C9-4B23-8A54-B06747DCE8F5}.Release|iPhoneSimulator.Build.0 = Release|Any CPU
		{DD3AA812-75C9-4B23-8A54-B06747DCE8F5}.Release|iPhoneSimulator.Deploy.0 = Release|Any CPU
		{9AA9EBFC-69A6-4F98-B1F6-61107CA3CDF0}.Ad-Hoc|Any CPU.ActiveCfg = Release|Any CPU
		{9AA9EBFC-69A6-4F98-B1F6-61107CA3CDF0}.Ad-Hoc|Any CPU.Build.0 = Release|Any CPU
		{9AA9EBFC-69A6-4F98-B1F6-61107CA3CDF0}.Ad-Hoc|iPhone.ActiveCfg = Release|Any CPU
		{9AA9EBFC-69A6-4F98-B1F6-61107CA3CDF0}.Ad-Hoc|iPhone.Build.0 = Release|Any CPU
		{9AA9EBFC-69A6-4F98-B1F6-61107CA3CDF0}.Ad-Hoc|iPhoneSimulator.ActiveCfg = Release|Any CPU
		{9AA9EBFC-69A6-4F98-B1F6-61107CA3CDF0}.Ad-Hoc|iPhoneSimulator.Build.0 = Release|Any CPU
		{9AA9EBFC-69A6-4F98-B1F6-61107CA3CDF0}.AppStore|Any CPU.ActiveCfg = Release|Any CPU
		{9AA9EBFC-69A6-4F98-B1F6-61107CA3CDF0}.AppStore|Any CPU.Build.0 = Release|Any CPU
		{9AA9EBFC-69A6-4F98-B1F6-61107CA3CDF0}.AppStore|iPhone.ActiveCfg = Release|Any CPU
		{9AA9EBFC-69A6-4F98-B1F6-61107CA3CDF0}.AppStore|iPhone.Build.0 = Release|Any CPU
		{9AA9EBFC-69A6-4F98-B1F6-61107CA3CDF0}.AppStore|iPhoneSimulator.ActiveCfg = Release|Any CPU
		{9AA9EBFC-69A6-4F98-B1F6-61107CA3CDF0}.AppStore|iPhoneSimulator.Build.0 = Release|Any CPU
		{9AA9EBFC-69A6-4F98-B1F6-61107CA3CDF0}.Debug|Any CPU.ActiveCfg = Debug|Any CPU
		{9AA9EBFC-69A6-4F98-B1F6-61107CA3CDF0}.Debug|Any CPU.Build.0 = Debug|Any CPU
		{9AA9EBFC-69A6-4F98-B1F6-61107CA3CDF0}.Debug|iPhone.ActiveCfg = Debug|Any CPU
		{9AA9EBFC-69A6-4F98-B1F6-61107CA3CDF0}.Debug|iPhone.Build.0 = Debug|Any CPU
		{9AA9EBFC-69A6-4F98-B1F6-61107CA3CDF0}.Debug|iPhoneSimulator.ActiveCfg = Debug|Any CPU
		{9AA9EBFC-69A6-4F98-B1F6-61107CA3CDF0}.Debug|iPhoneSimulator.Build.0 = Debug|Any CPU
		{9AA9EBFC-69A6-4F98-B1F6-61107CA3CDF0}.Release|Any CPU.ActiveCfg = Release|Any CPU
		{9AA9EBFC-69A6-4F98-B1F6-61107CA3CDF0}.Release|Any CPU.Build.0 = Release|Any CPU
		{9AA9EBFC-69A6-4F98-B1F6-61107CA3CDF0}.Release|iPhone.ActiveCfg = Release|Any CPU
		{9AA9EBFC-69A6-4F98-B1F6-61107CA3CDF0}.Release|iPhone.Build.0 = Release|Any CPU
		{9AA9EBFC-69A6-4F98-B1F6-61107CA3CDF0}.Release|iPhoneSimulator.ActiveCfg = Release|Any CPU
		{9AA9EBFC-69A6-4F98-B1F6-61107CA3CDF0}.Release|iPhoneSimulator.Build.0 = Release|Any CPU
	EndGlobalSection
	GlobalSection(SolutionProperties) = preSolution
		HideSolutionNode = FALSE
	EndGlobalSection
	GlobalSection(ExtensibilityGlobals) = postSolution
		SolutionGuid = {6CF1FC75-9AA5-49EB-B739-9B7B114DC658}
	EndGlobalSection
EndGlobal
