
Microsoft Visual Studio Solution File, Format Version 12.00
# Visual Studio Version 16
VisualStudioVersion = 16.0.31321.278
MinimumVisualStudioVersion = 10.0.40219.1
Project("{FAE04EC0-301F-11D3-BF4B-00C04F79EFBC}") = "DataAccess", "DataAccess\DataAccess.csproj", "{89BCE0D0-2A00-4D68-81AE-D22AE0ED2458}"
EndProject
Project("{FAE04EC0-301F-11D3-BF4B-00C04F79EFBC}") = "MyFinanceModel", "MyFinanceModel\MyFinanceModel.csproj", "{A46D05DF-E0DA-4743-811D-C9236B659441}"
EndProject
Project("{FAE04EC0-301F-11D3-BF4B-00C04F79EFBC}") = "MyFinanceBackend", "MyFinanceBackend\MyFinanceBackend.csproj", "{5250737E-1297-440B-8381-6E5EC36F6BD6}"
EndProject
Project("{FAE04EC0-301F-11D3-BF4B-00C04F79EFBC}") = "MyFinanceWebApp", "MyFinanceWebApp\MyFinanceWebApp.csproj", "{EE78D045-132D-4EBD-96E1-E8A7F6044042}"
EndProject
Project("{2150E333-8FDC-42A3-9474-1A3956D46DE8}") = ".nuget", ".nuget", "{38ECA1C7-25D4-4270-A1D7-00C9C09A80C7}"
	ProjectSection(SolutionItems) = preProject
		.nuget\NuGet.Config = .nuget\NuGet.Config
		.nuget\NuGet.exe = .nuget\NuGet.exe
		.nuget\NuGet.targets = .nuget\NuGet.targets
	EndProjectSection
EndProject
Project("{FAE04EC0-301F-11D3-BF4B-00C04F79EFBC}") = "WebApiBaseConsumer", "WebApiBaseConsumer\WebApiBaseConsumer.csproj", "{DD271BAA-F8B1-4A6D-9ECD-479649861AA8}"
EndProject
Global
	GlobalSection(SolutionConfigurationPlatforms) = preSolution
		AzureProd|Any CPU = AzureProd|Any CPU
		Debug|Any CPU = Debug|Any CPU
		DevTest|Any CPU = DevTest|Any CPU
		PreProd|Any CPU = PreProd|Any CPU
		Prod|Any CPU = Prod|Any CPU
		Release|Any CPU = Release|Any CPU
	EndGlobalSection
	GlobalSection(ProjectConfigurationPlatforms) = postSolution
		{89BCE0D0-2A00-4D68-81AE-D22AE0ED2458}.AzureProd|Any CPU.ActiveCfg = AzureProd|Any CPU
		{89BCE0D0-2A00-4D68-81AE-D22AE0ED2458}.AzureProd|Any CPU.Build.0 = AzureProd|Any CPU
		{89BCE0D0-2A00-4D68-81AE-D22AE0ED2458}.Debug|Any CPU.ActiveCfg = Debug|Any CPU
		{89BCE0D0-2A00-4D68-81AE-D22AE0ED2458}.Debug|Any CPU.Build.0 = Debug|Any CPU
		{89BCE0D0-2A00-4D68-81AE-D22AE0ED2458}.DevTest|Any CPU.ActiveCfg = Debug|Any CPU
		{89BCE0D0-2A00-4D68-81AE-D22AE0ED2458}.DevTest|Any CPU.Build.0 = Debug|Any CPU
		{89BCE0D0-2A00-4D68-81AE-D22AE0ED2458}.PreProd|Any CPU.ActiveCfg = PreProd|Any CPU
		{89BCE0D0-2A00-4D68-81AE-D22AE0ED2458}.PreProd|Any CPU.Build.0 = PreProd|Any CPU
		{89BCE0D0-2A00-4D68-81AE-D22AE0ED2458}.Prod|Any CPU.ActiveCfg = Prod|Any CPU
		{89BCE0D0-2A00-4D68-81AE-D22AE0ED2458}.Prod|Any CPU.Build.0 = Prod|Any CPU
		{89BCE0D0-2A00-4D68-81AE-D22AE0ED2458}.Release|Any CPU.ActiveCfg = Release|Any CPU
		{89BCE0D0-2A00-4D68-81AE-D22AE0ED2458}.Release|Any CPU.Build.0 = Release|Any CPU
		{A46D05DF-E0DA-4743-811D-C9236B659441}.AzureProd|Any CPU.ActiveCfg = AzureProd|Any CPU
		{A46D05DF-E0DA-4743-811D-C9236B659441}.AzureProd|Any CPU.Build.0 = AzureProd|Any CPU
		{A46D05DF-E0DA-4743-811D-C9236B659441}.Debug|Any CPU.ActiveCfg = Debug|Any CPU
		{A46D05DF-E0DA-4743-811D-C9236B659441}.Debug|Any CPU.Build.0 = Debug|Any CPU
		{A46D05DF-E0DA-4743-811D-C9236B659441}.DevTest|Any CPU.ActiveCfg = Debug|Any CPU
		{A46D05DF-E0DA-4743-811D-C9236B659441}.DevTest|Any CPU.Build.0 = Debug|Any CPU
		{A46D05DF-E0DA-4743-811D-C9236B659441}.PreProd|Any CPU.ActiveCfg = PreProd|Any CPU
		{A46D05DF-E0DA-4743-811D-C9236B659441}.PreProd|Any CPU.Build.0 = PreProd|Any CPU
		{A46D05DF-E0DA-4743-811D-C9236B659441}.Prod|Any CPU.ActiveCfg = Prod|Any CPU
		{A46D05DF-E0DA-4743-811D-C9236B659441}.Prod|Any CPU.Build.0 = Prod|Any CPU
		{A46D05DF-E0DA-4743-811D-C9236B659441}.Release|Any CPU.ActiveCfg = Release|Any CPU
		{A46D05DF-E0DA-4743-811D-C9236B659441}.Release|Any CPU.Build.0 = Release|Any CPU
		{5250737E-1297-440B-8381-6E5EC36F6BD6}.AzureProd|Any CPU.ActiveCfg = AzureProd|Any CPU
		{5250737E-1297-440B-8381-6E5EC36F6BD6}.AzureProd|Any CPU.Build.0 = AzureProd|Any CPU
		{5250737E-1297-440B-8381-6E5EC36F6BD6}.Debug|Any CPU.ActiveCfg = Debug|Any CPU
		{5250737E-1297-440B-8381-6E5EC36F6BD6}.Debug|Any CPU.Build.0 = Debug|Any CPU
		{5250737E-1297-440B-8381-6E5EC36F6BD6}.DevTest|Any CPU.ActiveCfg = Debug|Any CPU
		{5250737E-1297-440B-8381-6E5EC36F6BD6}.DevTest|Any CPU.Build.0 = Debug|Any CPU
		{5250737E-1297-440B-8381-6E5EC36F6BD6}.PreProd|Any CPU.ActiveCfg = PreProd|Any CPU
		{5250737E-1297-440B-8381-6E5EC36F6BD6}.PreProd|Any CPU.Build.0 = PreProd|Any CPU
		{5250737E-1297-440B-8381-6E5EC36F6BD6}.Prod|Any CPU.ActiveCfg = Prod|Any CPU
		{5250737E-1297-440B-8381-6E5EC36F6BD6}.Prod|Any CPU.Build.0 = Prod|Any CPU
		{5250737E-1297-440B-8381-6E5EC36F6BD6}.Release|Any CPU.ActiveCfg = Release|Any CPU
		{5250737E-1297-440B-8381-6E5EC36F6BD6}.Release|Any CPU.Build.0 = Release|Any CPU
		{EE78D045-132D-4EBD-96E1-E8A7F6044042}.AzureProd|Any CPU.ActiveCfg = AzureProd|Any CPU
		{EE78D045-132D-4EBD-96E1-E8A7F6044042}.AzureProd|Any CPU.Build.0 = AzureProd|Any CPU
		{EE78D045-132D-4EBD-96E1-E8A7F6044042}.Debug|Any CPU.ActiveCfg = Debug|Any CPU
		{EE78D045-132D-4EBD-96E1-E8A7F6044042}.Debug|Any CPU.Build.0 = Debug|Any CPU
		{EE78D045-132D-4EBD-96E1-E8A7F6044042}.DevTest|Any CPU.ActiveCfg = Debug|Any CPU
		{EE78D045-132D-4EBD-96E1-E8A7F6044042}.DevTest|Any CPU.Build.0 = Debug|Any CPU
		{EE78D045-132D-4EBD-96E1-E8A7F6044042}.PreProd|Any CPU.ActiveCfg = PreProd|Any CPU
		{EE78D045-132D-4EBD-96E1-E8A7F6044042}.PreProd|Any CPU.Build.0 = PreProd|Any CPU
		{EE78D045-132D-4EBD-96E1-E8A7F6044042}.Prod|Any CPU.ActiveCfg = Prod|Any CPU
		{EE78D045-132D-4EBD-96E1-E8A7F6044042}.Prod|Any CPU.Build.0 = Prod|Any CPU
		{EE78D045-132D-4EBD-96E1-E8A7F6044042}.Release|Any CPU.ActiveCfg = Release|Any CPU
		{EE78D045-132D-4EBD-96E1-E8A7F6044042}.Release|Any CPU.Build.0 = Release|Any CPU
		{DD271BAA-F8B1-4A6D-9ECD-479649861AA8}.AzureProd|Any CPU.ActiveCfg = AzureProd|Any CPU
		{DD271BAA-F8B1-4A6D-9ECD-479649861AA8}.AzureProd|Any CPU.Build.0 = AzureProd|Any CPU
		{DD271BAA-F8B1-4A6D-9ECD-479649861AA8}.Debug|Any CPU.ActiveCfg = Debug|Any CPU
		{DD271BAA-F8B1-4A6D-9ECD-479649861AA8}.Debug|Any CPU.Build.0 = Debug|Any CPU
		{DD271BAA-F8B1-4A6D-9ECD-479649861AA8}.DevTest|Any CPU.ActiveCfg = Debug|Any CPU
		{DD271BAA-F8B1-4A6D-9ECD-479649861AA8}.DevTest|Any CPU.Build.0 = Debug|Any CPU
		{DD271BAA-F8B1-4A6D-9ECD-479649861AA8}.PreProd|Any CPU.ActiveCfg = PreProd|Any CPU
		{DD271BAA-F8B1-4A6D-9ECD-479649861AA8}.PreProd|Any CPU.Build.0 = PreProd|Any CPU
		{DD271BAA-F8B1-4A6D-9ECD-479649861AA8}.Prod|Any CPU.ActiveCfg = Release|Any CPU
		{DD271BAA-F8B1-4A6D-9ECD-479649861AA8}.Prod|Any CPU.Build.0 = Release|Any CPU
		{DD271BAA-F8B1-4A6D-9ECD-479649861AA8}.Release|Any CPU.ActiveCfg = Release|Any CPU
		{DD271BAA-F8B1-4A6D-9ECD-479649861AA8}.Release|Any CPU.Build.0 = Release|Any CPU
	EndGlobalSection
	GlobalSection(SolutionProperties) = preSolution
		HideSolutionNode = FALSE
	EndGlobalSection
	GlobalSection(ExtensibilityGlobals) = postSolution
		SolutionGuid = {CC02C3C5-301E-43D2-84C0-20B5544EF0AF}
	EndGlobalSection
EndGlobal
