
Microsoft Visual Studio Solution File, Format Version 12.00
# Visual Studio 15
VisualStudioVersion = 15.0.28307.271
MinimumVisualStudioVersion = 10.0.40219.1
Project("{FAE04EC0-301F-11D3-BF4B-00C04F79EFBC}") = "MyFinanceWebApi", "MyFinanceWebApi\MyFinanceWebApi.csproj", "{D98D2F59-8D55-4C05-BF1D-B4D6ECC1AD21}"
EndProject
Project("{FAE04EC0-301F-11D3-BF4B-00C04F79EFBC}") = "MyFinanceWebApiConsoleTest", "MyFinanceWebApiConsoleTest\MyFinanceWebApiConsoleTest.csproj", "{E290089B-1C66-45F4-B74C-97C648507354}"
EndProject
Global
	GlobalSection(SolutionConfigurationPlatforms) = preSolution
		Debug|Any CPU = Debug|Any CPU
		DevTest|Any CPU = DevTest|Any CPU
		PreProd|Any CPU = PreProd|Any CPU
		Prod|Any CPU = Prod|Any CPU
		Release|Any CPU = Release|Any CPU
	EndGlobalSection
	GlobalSection(ProjectConfigurationPlatforms) = postSolution
		{D98D2F59-8D55-4C05-BF1D-B4D6ECC1AD21}.Debug|Any CPU.ActiveCfg = Debug|Any CPU
		{D98D2F59-8D55-4C05-BF1D-B4D6ECC1AD21}.Debug|Any CPU.Build.0 = Debug|Any CPU
		{D98D2F59-8D55-4C05-BF1D-B4D6ECC1AD21}.DevTest|Any CPU.ActiveCfg = Debug|Any CPU
		{D98D2F59-8D55-4C05-BF1D-B4D6ECC1AD21}.DevTest|Any CPU.Build.0 = Debug|Any CPU
		{D98D2F59-8D55-4C05-BF1D-B4D6ECC1AD21}.PreProd|Any CPU.ActiveCfg = PreProd|Any CPU
		{D98D2F59-8D55-4C05-BF1D-B4D6ECC1AD21}.PreProd|Any CPU.Build.0 = PreProd|Any CPU
		{D98D2F59-8D55-4C05-BF1D-B4D6ECC1AD21}.Prod|Any CPU.ActiveCfg = Debug|Any CPU
		{D98D2F59-8D55-4C05-BF1D-B4D6ECC1AD21}.Prod|Any CPU.Build.0 = Debug|Any CPU
		{D98D2F59-8D55-4C05-BF1D-B4D6ECC1AD21}.Release|Any CPU.ActiveCfg = Release|Any CPU
		{D98D2F59-8D55-4C05-BF1D-B4D6ECC1AD21}.Release|Any CPU.Build.0 = Release|Any CPU
		{E290089B-1C66-45F4-B74C-97C648507354}.Debug|Any CPU.ActiveCfg = Debug|Any CPU
		{E290089B-1C66-45F4-B74C-97C648507354}.Debug|Any CPU.Build.0 = Debug|Any CPU
		{E290089B-1C66-45F4-B74C-97C648507354}.DevTest|Any CPU.ActiveCfg = Debug|Any CPU
		{E290089B-1C66-45F4-B74C-97C648507354}.DevTest|Any CPU.Build.0 = Debug|Any CPU
		{E290089B-1C66-45F4-B74C-97C648507354}.PreProd|Any CPU.ActiveCfg = PreProd|Any CPU
		{E290089B-1C66-45F4-B74C-97C648507354}.PreProd|Any CPU.Build.0 = PreProd|Any CPU
		{E290089B-1C66-45F4-B74C-97C648507354}.Prod|Any CPU.ActiveCfg = Debug|Any CPU
		{E290089B-1C66-45F4-B74C-97C648507354}.Prod|Any CPU.Build.0 = Debug|Any CPU
		{E290089B-1C66-45F4-B74C-97C648507354}.Release|Any CPU.ActiveCfg = Release|Any CPU
		{E290089B-1C66-45F4-B74C-97C648507354}.Release|Any CPU.Build.0 = Release|Any CPU
	EndGlobalSection
	GlobalSection(SolutionProperties) = preSolution
		HideSolutionNode = FALSE
	EndGlobalSection
	GlobalSection(ExtensibilityGlobals) = postSolution
		SolutionGuid = {01077CAA-504E-4328-92B7-42F8FB1FBC31}
	EndGlobalSection
EndGlobal
